
Microsoft Visual Studio Solution File, Format Version 12.00
# Visual Studio 15
VisualStudioVersion = 15.0.28307.539
MinimumVisualStudioVersion = 10.0.40219.1
Project("{FAE04EC0-301F-11D3-BF4B-00C04F79EFBC}") = "ConsoleApp4", "ConsoleApp4\ConsoleApp4.csproj", "{B5F58072-38CD-444B-86ED-54B9DEA6DC85}"
EndProject
Project("{FAE04EC0-301F-11D3-BF4B-00C04F79EFBC}") = "StudentDiary", "StudentDiary\StudentDiary.csproj", "{D3209518-D32F-40BB-8445-C61C5AAF20DF}"
EndProject
Global
	GlobalSection(SolutionConfigurationPlatforms) = preSolution
		Debug|Any CPU = Debug|Any CPU
		Release|Any CPU = Release|Any CPU
	EndGlobalSection
	GlobalSection(ProjectConfigurationPlatforms) = postSolution
		{B5F58072-38CD-444B-86ED-54B9DEA6DC85}.Debug|Any CPU.ActiveCfg = Debug|Any CPU
		{B5F58072-38CD-444B-86ED-54B9DEA6DC85}.Debug|Any CPU.Build.0 = Debug|Any CPU
		{B5F58072-38CD-444B-86ED-54B9DEA6DC85}.Release|Any CPU.ActiveCfg = Release|Any CPU
		{B5F58072-38CD-444B-86ED-54B9DEA6DC85}.Release|Any CPU.Build.0 = Release|Any CPU
		{D3209518-D32F-40BB-8445-C61C5AAF20DF}.Debug|Any CPU.ActiveCfg = Debug|Any CPU
		{D3209518-D32F-40BB-8445-C61C5AAF20DF}.Debug|Any CPU.Build.0 = Debug|Any CPU
		{D3209518-D32F-40BB-8445-C61C5AAF20DF}.Release|Any CPU.ActiveCfg = Release|Any CPU
		{D3209518-D32F-40BB-8445-C61C5AAF20DF}.Release|Any CPU.Build.0 = Release|Any CPU
	EndGlobalSection
	GlobalSection(SolutionProperties) = preSolution
		HideSolutionNode = FALSE
	EndGlobalSection
	GlobalSection(ExtensibilityGlobals) = postSolution
		SolutionGuid = {069F35B2-5973-493E-99B7-1200C0EDD207}
	EndGlobalSection
EndGlobal
